// !$*UTF8*$!
{
	archiveVersion = 1;
	classes = {
	};
	objectVersion = 77;
	objects = {

/* Begin PBXBuildFile section */
		0FDBEED53052A0704B7DAB5D /* CTDataLocal in Frameworks */ = {isa = PBXBuildFile; productRef = 10DFB75F02BBB139230B3B28 /* CTDataLocal */; };
		2067E420536B25B49BD2CDA3 /* AppModel.swift in Sources */ = {isa = PBXBuildFile; fileRef = E4010BDD99440F9D9629945C /* AppModel.swift */; };
		45E463BC3BBA06BE3390BBDD /* SignInView.swift in Sources */ = {isa = PBXBuildFile; fileRef = F82794029099226F8F790F31 /* SignInView.swift */; };
		4FA9E3393B3A7D37186868AD /* CTMetadataProviders in Frameworks */ = {isa = PBXBuildFile; productRef = 2F3CB347600B3781B9D9754E /* CTMetadataProviders */; };
		9281E8A8BB676A703B9F7EBF /* Inject in Frameworks */ = {isa = PBXBuildFile; productRef = 46790A0F818023D0CFF466A3 /* Inject */; };
		92FED3A324D8EB6775CA03DA /* CTDesignSystem in Frameworks */ = {isa = PBXBuildFile; productRef = EA10BD36ABC1AE8399B4A29C /* CTDesignSystem */; };
		9A96C02FD98965B26715E9B6 /* PDFDOIExtractor.swift in Sources */ = {isa = PBXBuildFile; fileRef = 2B7797942DDDBA693ECDFF07 /* PDFDOIExtractor.swift */; };
		A6E35284D1AE390629030632 /* CTCitationEngine in Frameworks */ = {isa = PBXBuildFile; productRef = 0403D4A00F6E68A08A016F3D /* CTCitationEngine */; };
		ACA8A098717C678AEA860652 /* CrossrefDOIMetadataProvider.swift in Sources */ = {isa = PBXBuildFile; fileRef = 8103573758FDC71F249672D4 /* CrossrefDOIMetadataProvider.swift */; };
		B5CBDE767254F12CBBEE6BEF /* CTDomain in Frameworks */ = {isa = PBXBuildFile; productRef = 4D4DAFA9BFFCF583C2339D02 /* CTDomain */; };
		C074A2AD6BD3C20670D5C898 /* CTStorage in Frameworks */ = {isa = PBXBuildFile; productRef = AFC1839207914FE6FF60AFEB /* CTStorage */; };
		C2AAB8D6EAA7CE1A8A411FA0 /* CTCommon in Frameworks */ = {isa = PBXBuildFile; productRef = C57F984D24669924D63E525C /* CTCommon */; };
		C53E72DDE432E523DA5EA2AC /* RootView.swift in Sources */ = {isa = PBXBuildFile; fileRef = 88021F7C091110D06E66C734 /* RootView.swift */; };
		CA15ABEF9D10726B2CD43613 /* MockDOIProvider.swift in Sources */ = {isa = PBXBuildFile; fileRef = C7B12EBFCE54FE2F5F1F5F8E /* MockDOIProvider.swift */; };
		CA674BE723E0A4FE419454B2 /* TextNormalization.swift in Sources */ = {isa = PBXBuildFile; fileRef = 7B88FF30E9C4793440D90A7C /* TextNormalization.swift */; };
		D3E666812D20ACFAAF344ED1 /* CTDataRemote in Frameworks */ = {isa = PBXBuildFile; productRef = 3CB4F3297C9DDFA9251E32E4 /* CTDataRemote */; };
		DDB9DB333B558A72468ECB5C /* AttachmentStore.swift in Sources */ = {isa = PBXBuildFile; fileRef = 1579D700B0BC8CD0DCA09FD9 /* AttachmentStore.swift */; };
		E8BB126F329764160DB13431 /* CitrationApp.swift in Sources */ = {isa = PBXBuildFile; fileRef = 614BAFD29D048E6DF8192AF8 /* CitrationApp.swift */; };
/* End PBXBuildFile section */

/* Begin PBXFileReference section */
		118A198909D866291933DF7B /* CTCitationEngine */ = {isa = PBXFileReference; lastKnownFileType = folder; name = CTCitationEngine; path = ../../Packages/CTCitationEngine; sourceTree = SOURCE_ROOT; };
		1579D700B0BC8CD0DCA09FD9 /* AttachmentStore.swift */ = {isa = PBXFileReference; lastKnownFileType = sourcecode.swift; path = AttachmentStore.swift; sourceTree = "<group>"; };
		2B7797942DDDBA693ECDFF07 /* PDFDOIExtractor.swift */ = {isa = PBXFileReference; lastKnownFileType = sourcecode.swift; path = PDFDOIExtractor.swift; sourceTree = "<group>"; };
		32BA92B6C62AD14A37347BBF /* CTMetadataProviders */ = {isa = PBXFileReference; lastKnownFileType = folder; name = CTMetadataProviders; path = ../../Packages/CTMetadataProviders; sourceTree = SOURCE_ROOT; };
		468E2AE2BF2AA9AEBDCB66F4 /* CitrationMac.app */ = {isa = PBXFileReference; explicitFileType = wrapper.application; includeInIndex = 0; path = CitrationMac.app; sourceTree = BUILT_PRODUCTS_DIR; };
		5B1E344C82DABFB7D4C13961 /* CTDesignSystem */ = {isa = PBXFileReference; lastKnownFileType = folder; name = CTDesignSystem; path = ../../Packages/CTDesignSystem; sourceTree = SOURCE_ROOT; };
		614BAFD29D048E6DF8192AF8 /* CitrationApp.swift */ = {isa = PBXFileReference; lastKnownFileType = sourcecode.swift; path = CitrationApp.swift; sourceTree = "<group>"; };
		69A3CEAAFB92A1A25C6EF4E8 /* CTDataLocal */ = {isa = PBXFileReference; lastKnownFileType = folder; name = CTDataLocal; path = ../../Packages/CTDataLocal; sourceTree = SOURCE_ROOT; };
		6ED331C9FE6B8C33F72BF9C8 /* CTStorage */ = {isa = PBXFileReference; lastKnownFileType = folder; name = CTStorage; path = ../../Packages/CTStorage; sourceTree = SOURCE_ROOT; };
		7B88FF30E9C4793440D90A7C /* TextNormalization.swift */ = {isa = PBXFileReference; lastKnownFileType = sourcecode.swift; path = TextNormalization.swift; sourceTree = "<group>"; };
		8103573758FDC71F249672D4 /* CrossrefDOIMetadataProvider.swift */ = {isa = PBXFileReference; lastKnownFileType = sourcecode.swift; path = CrossrefDOIMetadataProvider.swift; sourceTree = "<group>"; };
		84CE9F45E073EA73C41E6E78 /* CTCommon */ = {isa = PBXFileReference; lastKnownFileType = folder; name = CTCommon; path = ../../Packages/CTCommon; sourceTree = SOURCE_ROOT; };
		88021F7C091110D06E66C734 /* RootView.swift */ = {isa = PBXFileReference; lastKnownFileType = sourcecode.swift; path = RootView.swift; sourceTree = "<group>"; };
		9ECC52745163C2BEFFD1A8B6 /* CTDataRemote */ = {isa = PBXFileReference; lastKnownFileType = folder; name = CTDataRemote; path = ../../Packages/CTDataRemote; sourceTree = SOURCE_ROOT; };
		B52EBDB88DD4EDC8F3CB5FE4 /* CTDomain */ = {isa = PBXFileReference; lastKnownFileType = folder; name = CTDomain; path = ../../Packages/CTDomain; sourceTree = SOURCE_ROOT; };
		C7B12EBFCE54FE2F5F1F5F8E /* MockDOIProvider.swift */ = {isa = PBXFileReference; lastKnownFileType = sourcecode.swift; path = MockDOIProvider.swift; sourceTree = "<group>"; };
		E4010BDD99440F9D9629945C /* AppModel.swift */ = {isa = PBXFileReference; lastKnownFileType = sourcecode.swift; path = AppModel.swift; sourceTree = "<group>"; };
		F82794029099226F8F790F31 /* SignInView.swift */ = {isa = PBXFileReference; lastKnownFileType = sourcecode.swift; path = SignInView.swift; sourceTree = "<group>"; };
/* End PBXFileReference section */

/* Begin PBXFrameworksBuildPhase section */
		D3D40557FA3C27D8E53E0F74 /* Frameworks */ = {
			isa = PBXFrameworksBuildPhase;
			buildActionMask = 2147483647;
			files = (
				C2AAB8D6EAA7CE1A8A411FA0 /* CTCommon in Frameworks */,
				0FDBEED53052A0704B7DAB5D /* CTDataLocal in Frameworks */,
				D3E666812D20ACFAAF344ED1 /* CTDataRemote in Frameworks */,
				C074A2AD6BD3C20670D5C898 /* CTStorage in Frameworks */,
				4FA9E3393B3A7D37186868AD /* CTMetadataProviders in Frameworks */,
				A6E35284D1AE390629030632 /* CTCitationEngine in Frameworks */,
				B5CBDE767254F12CBBEE6BEF /* CTDomain in Frameworks */,
				92FED3A324D8EB6775CA03DA /* CTDesignSystem in Frameworks */,
				9281E8A8BB676A703B9F7EBF /* Inject in Frameworks */,
			);
			runOnlyForDeploymentPostprocessing = 0;
		};
/* End PBXFrameworksBuildPhase section */

/* Begin PBXGroup section */
		4AB85E440E9A45C88FA36D40 /* Products */ = {
			isa = PBXGroup;
			children = (
				468E2AE2BF2AA9AEBDCB66F4 /* CitrationMac.app */,
			);
			name = Products;
			sourceTree = "<group>";
		};
		639EB35954D692F93EDDD368 /* Packages */ = {
			isa = PBXGroup;
			children = (
				118A198909D866291933DF7B /* CTCitationEngine */,
				84CE9F45E073EA73C41E6E78 /* CTCommon */,
				69A3CEAAFB92A1A25C6EF4E8 /* CTDataLocal */,
				9ECC52745163C2BEFFD1A8B6 /* CTDataRemote */,
				5B1E344C82DABFB7D4C13961 /* CTDesignSystem */,
				B52EBDB88DD4EDC8F3CB5FE4 /* CTDomain */,
				32BA92B6C62AD14A37347BBF /* CTMetadataProviders */,
				6ED331C9FE6B8C33F72BF9C8 /* CTStorage */,
			);
			name = Packages;
			sourceTree = "<group>";
		};
		719019080C081110274ADC7C /* Views */ = {
			isa = PBXGroup;
			children = (
				88021F7C091110D06E66C734 /* RootView.swift */,
				F82794029099226F8F790F31 /* SignInView.swift */,
			);
			path = Views;
			sourceTree = "<group>";
		};
		7D13F554407BEF764C094A5B = {
			isa = PBXGroup;
			children = (
				8A2D917EC6EF11367EC321D7 /* CitrationMac */,
				639EB35954D692F93EDDD368 /* Packages */,
				4AB85E440E9A45C88FA36D40 /* Products */,
			);
			sourceTree = "<group>";
		};
		8A2D917EC6EF11367EC321D7 /* CitrationMac */ = {
			isa = PBXGroup;
			children = (
				E4010BDD99440F9D9629945C /* AppModel.swift */,
				1579D700B0BC8CD0DCA09FD9 /* AttachmentStore.swift */,
				614BAFD29D048E6DF8192AF8 /* CitrationApp.swift */,
				8103573758FDC71F249672D4 /* CrossrefDOIMetadataProvider.swift */,
				C7B12EBFCE54FE2F5F1F5F8E /* MockDOIProvider.swift */,
				2B7797942DDDBA693ECDFF07 /* PDFDOIExtractor.swift */,
				7B88FF30E9C4793440D90A7C /* TextNormalization.swift */,
				719019080C081110274ADC7C /* Views */,
			);
			name = CitrationMac;
			path = Sources/CitrationMac;
			sourceTree = "<group>";
		};
/* End PBXGroup section */

/* Begin PBXNativeTarget section */
		849FAE9BF358921232630D61 /* CitrationMac */ = {
			isa = PBXNativeTarget;
			buildConfigurationList = 0078718E89F2848F9C446FA2 /* Build configuration list for PBXNativeTarget "CitrationMac" */;
			buildPhases = (
				5E4D0ABC4AA002297E5798EE /* Sources */,
				D3D40557FA3C27D8E53E0F74 /* Frameworks */,
			);
			buildRules = (
			);
			dependencies = (
			);
			name = CitrationMac;
			packageProductDependencies = (
				C57F984D24669924D63E525C /* CTCommon */,
				10DFB75F02BBB139230B3B28 /* CTDataLocal */,
				3CB4F3297C9DDFA9251E32E4 /* CTDataRemote */,
				AFC1839207914FE6FF60AFEB /* CTStorage */,
				2F3CB347600B3781B9D9754E /* CTMetadataProviders */,
				0403D4A00F6E68A08A016F3D /* CTCitationEngine */,
				4D4DAFA9BFFCF583C2339D02 /* CTDomain */,
				EA10BD36ABC1AE8399B4A29C /* CTDesignSystem */,
				46790A0F818023D0CFF466A3 /* Inject */,
			);
			productName = CitrationMac;
			productReference = 468E2AE2BF2AA9AEBDCB66F4 /* CitrationMac.app */;
			productType = "com.apple.product-type.application";
		};
/* End PBXNativeTarget section */

/* Begin PBXProject section */
		8A7FFCCD48310A0924D88925 /* Project object */ = {
			isa = PBXProject;
			attributes = {
				BuildIndependentTargetsInParallel = YES;
				LastUpgradeCheck = 1430;
				TargetAttributes = {
					849FAE9BF358921232630D61 = {
						ProvisioningStyle = Automatic;
					};
				};
			};
			buildConfigurationList = 927DF26D1E94B3A92D5DAF73 /* Build configuration list for PBXProject "CitrationMac" */;
			compatibilityVersion = "Xcode 14.0";
			developmentRegion = en;
			hasScannedForEncodings = 0;
			knownRegions = (
				Base,
				en,
			);
			mainGroup = 7D13F554407BEF764C094A5B;
			minimizedProjectReferenceProxies = 1;
			packageReferences = (
				871FC2F33C73E9209D17DAE4 /* XCRemoteSwiftPackageReference "Inject" */,
				7DA3023D7DCBDF949284FABE /* XCLocalSwiftPackageReference "../../Packages/CTCitationEngine" */,
				9BECF9BF582472FE53E3B7FD /* XCLocalSwiftPackageReference "../../Packages/CTCommon" */,
				41120E6C2FD036E36792D5BB /* XCLocalSwiftPackageReference "../../Packages/CTDataLocal" */,
				5D80390B6E80A925536C79BA /* XCLocalSwiftPackageReference "../../Packages/CTDataRemote" */,
				B7A8F6DE0ADF9D8B84F87559 /* XCLocalSwiftPackageReference "../../Packages/CTDesignSystem" */,
				834AE8C14E93F0468A9D6EDB /* XCLocalSwiftPackageReference "../../Packages/CTDomain" */,
				75A37B6A984E2AC5A999D4F6 /* XCLocalSwiftPackageReference "../../Packages/CTMetadataProviders" */,
				23CCA68AD3D43C60BB759CC1 /* XCLocalSwiftPackageReference "../../Packages/CTStorage" */,
			);
			preferredProjectObjectVersion = 77;
			projectDirPath = "";
			projectRoot = "";
			targets = (
				849FAE9BF358921232630D61 /* CitrationMac */,
			);
		};
/* End PBXProject section */

/* Begin PBXSourcesBuildPhase section */
		5E4D0ABC4AA002297E5798EE /* Sources */ = {
			isa = PBXSourcesBuildPhase;
			buildActionMask = 2147483647;
			files = (
				2067E420536B25B49BD2CDA3 /* AppModel.swift in Sources */,
				DDB9DB333B558A72468ECB5C /* AttachmentStore.swift in Sources */,
				E8BB126F329764160DB13431 /* CitrationApp.swift in Sources */,
				ACA8A098717C678AEA860652 /* CrossrefDOIMetadataProvider.swift in Sources */,
				CA15ABEF9D10726B2CD43613 /* MockDOIProvider.swift in Sources */,
				9A96C02FD98965B26715E9B6 /* PDFDOIExtractor.swift in Sources */,
				C53E72DDE432E523DA5EA2AC /* RootView.swift in Sources */,
				45E463BC3BBA06BE3390BBDD /* SignInView.swift in Sources */,
				CA674BE723E0A4FE419454B2 /* TextNormalization.swift in Sources */,
			);
			runOnlyForDeploymentPostprocessing = 0;
		};
/* End PBXSourcesBuildPhase section */

/* Begin XCBuildConfiguration section */
		4C1A5FC00D6C79986A1B5518 /* Debug */ = {
			isa = XCBuildConfiguration;
			buildSettings = {
				ALWAYS_SEARCH_USER_PATHS = NO;
				CLANG_ANALYZER_NONNULL = YES;
				CLANG_ANALYZER_NUMBER_OBJECT_CONVERSION = YES_AGGRESSIVE;
				CLANG_CXX_LANGUAGE_STANDARD = "gnu++14";
				CLANG_CXX_LIBRARY = "libc++";
				CLANG_ENABLE_MODULES = YES;
				CLANG_ENABLE_OBJC_ARC = YES;
				CLANG_ENABLE_OBJC_WEAK = YES;
				CLANG_WARN_BLOCK_CAPTURE_AUTORELEASING = YES;
				CLANG_WARN_BOOL_CONVERSION = YES;
				CLANG_WARN_COMMA = YES;
				CLANG_WARN_CONSTANT_CONVERSION = YES;
				CLANG_WARN_DEPRECATED_OBJC_IMPLEMENTATIONS = YES;
				CLANG_WARN_DIRECT_OBJC_ISA_USAGE = YES_ERROR;
				CLANG_WARN_DOCUMENTATION_COMMENTS = YES;
				CLANG_WARN_EMPTY_BODY = YES;
				CLANG_WARN_ENUM_CONVERSION = YES;
				CLANG_WARN_INFINITE_RECURSION = YES;
				CLANG_WARN_INT_CONVERSION = YES;
				CLANG_WARN_NON_LITERAL_NULL_CONVERSION = YES;
				CLANG_WARN_OBJC_IMPLICIT_RETAIN_SELF = YES;
				CLANG_WARN_OBJC_LITERAL_CONVERSION = YES;
				CLANG_WARN_OBJC_ROOT_CLASS = YES_ERROR;
				CLANG_WARN_QUOTED_INCLUDE_IN_FRAMEWORK_HEADER = YES;
				CLANG_WARN_RANGE_LOOP_ANALYSIS = YES;
				CLANG_WARN_STRICT_PROTOTYPES = YES;
				CLANG_WARN_SUSPICIOUS_MOVE = YES;
				CLANG_WARN_UNGUARDED_AVAILABILITY = YES_AGGRESSIVE;
				CLANG_WARN_UNREACHABLE_CODE = YES;
				CLANG_WARN__DUPLICATE_METHOD_MATCH = YES;
				CODE_SIGN_STYLE = Automatic;
				COPY_PHASE_STRIP = NO;
				DEBUG_INFORMATION_FORMAT = dwarf;
				ENABLE_STRICT_OBJC_MSGSEND = YES;
				ENABLE_TESTABILITY = YES;
				GCC_C_LANGUAGE_STANDARD = gnu11;
				GCC_DYNAMIC_NO_PIC = NO;
				GCC_NO_COMMON_BLOCKS = YES;
				GCC_OPTIMIZATION_LEVEL = 0;
				GCC_PREPROCESSOR_DEFINITIONS = (
					"$(inherited)",
					"DEBUG=1",
				);
				GCC_WARN_64_TO_32_BIT_CONVERSION = YES;
				GCC_WARN_ABOUT_RETURN_TYPE = YES_ERROR;
				GCC_WARN_UNDECLARED_SELECTOR = YES;
				GCC_WARN_UNINITIALIZED_AUTOS = YES_AGGRESSIVE;
				GCC_WARN_UNUSED_FUNCTION = YES;
				GCC_WARN_UNUSED_VARIABLE = YES;
				GENERATE_INFOPLIST_FILE = NO;
				MACOSX_DEPLOYMENT_TARGET = 14.0;
				MTL_ENABLE_DEBUG_INFO = INCLUDE_SOURCE;
				MTL_FAST_MATH = YES;
				ONLY_ACTIVE_ARCH = YES;
				PRODUCT_BUNDLE_IDENTIFIER = com.citration.app;
				PRODUCT_NAME = "$(TARGET_NAME)";
				SDKROOT = macosx;
				SWIFT_ACTIVE_COMPILATION_CONDITIONS = DEBUG;
				SWIFT_OPTIMIZATION_LEVEL = "-Onone";
				SWIFT_VERSION = 6.0;
			};
			name = Debug;
		};
		B3F418A8042B4FD8D0D1BA90 /* Release */ = {
			isa = XCBuildConfiguration;
			buildSettings = {
				ASSETCATALOG_COMPILER_APPICON_NAME = AppIcon;
				COMBINE_HIDPI_IMAGES = YES;
				INFOPLIST_FILE = "Config/CitrationMac-Info.plist";
				LD_RUNPATH_SEARCH_PATHS = (
					"$(inherited)",
					"@executable_path/../Frameworks",
				);
				PRODUCT_NAME = Citration;
				SDKROOT = macosx;
			};
			name = Release;
		};
		DC0FAD24529E0E735B975345 /* Debug */ = {
			isa = XCBuildConfiguration;
			buildSettings = {
				ASSETCATALOG_COMPILER_APPICON_NAME = AppIcon;
				CODE_SIGNING_ALLOWED = NO;
				CODE_SIGNING_REQUIRED = NO;
				COMBINE_HIDPI_IMAGES = YES;
				EMIT_FRONTEND_COMMAND_LINES = YES;
				INFOPLIST_FILE = "Config/CitrationMac-Info.plist";
				LD_RUNPATH_SEARCH_PATHS = (
					"$(inherited)",
					"@executable_path/../Frameworks",
				);
				OTHER_LDFLAGS = (
					"$(inherited)",
					"-Xlinker",
					"-interposable",
				);
				PRODUCT_NAME = Citration;
				SDKROOT = macosx;
			};
			name = Debug;
		};
		DF1B38C0C323361BB5C26D7E /* Release */ = {
			isa = XCBuildConfiguration;
			buildSettings = {
				ALWAYS_SEARCH_USER_PATHS = NO;
				CLANG_ANALYZER_NONNULL = YES;
				CLANG_ANALYZER_NUMBER_OBJECT_CONVERSION = YES_AGGRESSIVE;
				CLANG_CXX_LANGUAGE_STANDARD = "gnu++14";
				CLANG_CXX_LIBRARY = "libc++";
				CLANG_ENABLE_MODULES = YES;
				CLANG_ENABLE_OBJC_ARC = YES;
				CLANG_ENABLE_OBJC_WEAK = YES;
				CLANG_WARN_BLOCK_CAPTURE_AUTORELEASING = YES;
				CLANG_WARN_BOOL_CONVERSION = YES;
				CLANG_WARN_COMMA = YES;
				CLANG_WARN_CONSTANT_CONVERSION = YES;
				CLANG_WARN_DEPRECATED_OBJC_IMPLEMENTATIONS = YES;
				CLANG_WARN_DIRECT_OBJC_ISA_USAGE = YES_ERROR;
				CLANG_WARN_DOCUMENTATION_COMMENTS = YES;
				CLANG_WARN_EMPTY_BODY = YES;
				CLANG_WARN_ENUM_CONVERSION = YES;
				CLANG_WARN_INFINITE_RECURSION = YES;
				CLANG_WARN_INT_CONVERSION = YES;
				CLANG_WARN_NON_LITERAL_NULL_CONVERSION = YES;
				CLANG_WARN_OBJC_IMPLICIT_RETAIN_SELF = YES;
				CLANG_WARN_OBJC_LITERAL_CONVERSION = YES;
				CLANG_WARN_OBJC_ROOT_CLASS = YES_ERROR;
				CLANG_WARN_QUOTED_INCLUDE_IN_FRAMEWORK_HEADER = YES;
				CLANG_WARN_RANGE_LOOP_ANALYSIS = YES;
				CLANG_WARN_STRICT_PROTOTYPES = YES;
				CLANG_WARN_SUSPICIOUS_MOVE = YES;
				CLANG_WARN_UNGUARDED_AVAILABILITY = YES_AGGRESSIVE;
				CLANG_WARN_UNREACHABLE_CODE = YES;
				CLANG_WARN__DUPLICATE_METHOD_MATCH = YES;
				CODE_SIGN_STYLE = Automatic;
				COPY_PHASE_STRIP = NO;
				DEBUG_INFORMATION_FORMAT = "dwarf-with-dsym";
				ENABLE_NS_ASSERTIONS = NO;
				ENABLE_STRICT_OBJC_MSGSEND = YES;
				GCC_C_LANGUAGE_STANDARD = gnu11;
				GCC_NO_COMMON_BLOCKS = YES;
				GCC_WARN_64_TO_32_BIT_CONVERSION = YES;
				GCC_WARN_ABOUT_RETURN_TYPE = YES_ERROR;
				GCC_WARN_UNDECLARED_SELECTOR = YES;
				GCC_WARN_UNINITIALIZED_AUTOS = YES_AGGRESSIVE;
				GCC_WARN_UNUSED_FUNCTION = YES;
				GCC_WARN_UNUSED_VARIABLE = YES;
				GENERATE_INFOPLIST_FILE = NO;
				MACOSX_DEPLOYMENT_TARGET = 14.0;
				MTL_ENABLE_DEBUG_INFO = NO;
				MTL_FAST_MATH = YES;
				PRODUCT_BUNDLE_IDENTIFIER = com.citration.app;
				PRODUCT_NAME = "$(TARGET_NAME)";
				SDKROOT = macosx;
				SWIFT_COMPILATION_MODE = wholemodule;
				SWIFT_OPTIMIZATION_LEVEL = "-O";
				SWIFT_VERSION = 6.0;
			};
			name = Release;
		};
/* End XCBuildConfiguration section */

/* Begin XCConfigurationList section */
		0078718E89F2848F9C446FA2 /* Build configuration list for PBXNativeTarget "CitrationMac" */ = {
			isa = XCConfigurationList;
			buildConfigurations = (
				DC0FAD24529E0E735B975345 /* Debug */,
				B3F418A8042B4FD8D0D1BA90 /* Release */,
			);
			defaultConfigurationIsVisible = 0;
			defaultConfigurationName = Debug;
		};
		927DF26D1E94B3A92D5DAF73 /* Build configuration list for PBXProject "CitrationMac" */ = {
			isa = XCConfigurationList;
			buildConfigurations = (
				4C1A5FC00D6C79986A1B5518 /* Debug */,
				DF1B38C0C323361BB5C26D7E /* Release */,
			);
			defaultConfigurationIsVisible = 0;
			defaultConfigurationName = Debug;
		};
/* End XCConfigurationList section */

/* Begin XCLocalSwiftPackageReference section */
		23CCA68AD3D43C60BB759CC1 /* XCLocalSwiftPackageReference "../../Packages/CTStorage" */ = {
			isa = XCLocalSwiftPackageReference;
			relativePath = ../../Packages/CTStorage;
		};
		41120E6C2FD036E36792D5BB /* XCLocalSwiftPackageReference "../../Packages/CTDataLocal" */ = {
			isa = XCLocalSwiftPackageReference;
			relativePath = ../../Packages/CTDataLocal;
		};
		5D80390B6E80A925536C79BA /* XCLocalSwiftPackageReference "../../Packages/CTDataRemote" */ = {
			isa = XCLocalSwiftPackageReference;
			relativePath = ../../Packages/CTDataRemote;
		};
		75A37B6A984E2AC5A999D4F6 /* XCLocalSwiftPackageReference "../../Packages/CTMetadataProviders" */ = {
			isa = XCLocalSwiftPackageReference;
			relativePath = ../../Packages/CTMetadataProviders;
		};
		7DA3023D7DCBDF949284FABE /* XCLocalSwiftPackageReference "../../Packages/CTCitationEngine" */ = {
			isa = XCLocalSwiftPackageReference;
			relativePath = ../../Packages/CTCitationEngine;
		};
		834AE8C14E93F0468A9D6EDB /* XCLocalSwiftPackageReference "../../Packages/CTDomain" */ = {
			isa = XCLocalSwiftPackageReference;
			relativePath = ../../Packages/CTDomain;
		};
		9BECF9BF582472FE53E3B7FD /* XCLocalSwiftPackageReference "../../Packages/CTCommon" */ = {
			isa = XCLocalSwiftPackageReference;
			relativePath = ../../Packages/CTCommon;
		};
		B7A8F6DE0ADF9D8B84F87559 /* XCLocalSwiftPackageReference "../../Packages/CTDesignSystem" */ = {
			isa = XCLocalSwiftPackageReference;
			relativePath = ../../Packages/CTDesignSystem;
		};
/* End XCLocalSwiftPackageReference section */

/* Begin XCRemoteSwiftPackageReference section */
		871FC2F33C73E9209D17DAE4 /* XCRemoteSwiftPackageReference "Inject" */ = {
			isa = XCRemoteSwiftPackageReference;
			repositoryURL = "https://github.com/krzysztofzablocki/Inject.git";
			requirement = {
				kind = upToNextMajorVersion;
				minimumVersion = 1.5.2;
			};
		};
/* End XCRemoteSwiftPackageReference section */

/* Begin XCSwiftPackageProductDependency section */
		0403D4A00F6E68A08A016F3D /* CTCitationEngine */ = {
			isa = XCSwiftPackageProductDependency;
			productName = CTCitationEngine;
		};
		10DFB75F02BBB139230B3B28 /* CTDataLocal */ = {
			isa = XCSwiftPackageProductDependency;
			productName = CTDataLocal;
		};
		2F3CB347600B3781B9D9754E /* CTMetadataProviders */ = {
			isa = XCSwiftPackageProductDependency;
			productName = CTMetadataProviders;
		};
		3CB4F3297C9DDFA9251E32E4 /* CTDataRemote */ = {
			isa = XCSwiftPackageProductDependency;
			productName = CTDataRemote;
		};
		46790A0F818023D0CFF466A3 /* Inject */ = {
			isa = XCSwiftPackageProductDependency;
			package = 871FC2F33C73E9209D17DAE4 /* XCRemoteSwiftPackageReference "Inject" */;
			productName = Inject;
		};
		4D4DAFA9BFFCF583C2339D02 /* CTDomain */ = {
			isa = XCSwiftPackageProductDependency;
			productName = CTDomain;
		};
		AFC1839207914FE6FF60AFEB /* CTStorage */ = {
			isa = XCSwiftPackageProductDependency;
			productName = CTStorage;
		};
		C57F984D24669924D63E525C /* CTCommon */ = {
			isa = XCSwiftPackageProductDependency;
			productName = CTCommon;
		};
		EA10BD36ABC1AE8399B4A29C /* CTDesignSystem */ = {
			isa = XCSwiftPackageProductDependency;
			productName = CTDesignSystem;
		};
/* End XCSwiftPackageProductDependency section */
	};
	rootObject = 8A7FFCCD48310A0924D88925 /* Project object */;
}
